
Microsoft Visual Studio Solution File, Format Version 12.00
# Visual Studio 15
Project("{FAE04EC0-301F-11D3-BF4B-00C04F79EFBC}") = "Assembly-CSharp", "Assembly-CSharp.csproj", "{52060645-B99A-13E6-C01E-ACD480642AC9}"
EndProject
Project("{FAE04EC0-301F-11D3-BF4B-00C04F79EFBC}") = "Assembly-CSharp-Editor", "Assembly-CSharp-Editor.csproj", "{BA714DD9-E201-61F7-4DEA-51E77BE9DC48}"
EndProject
Global
	GlobalSection(SolutionConfigurationPlatforms) = preSolution
		Debug|Any CPU = Debug|Any CPU
		Release|Any CPU = Release|Any CPU
	EndGlobalSection
	GlobalSection(ProjectConfigurationPlatforms) = postSolution
		{52060645-B99A-13E6-C01E-ACD480642AC9}.Debug|Any CPU.ActiveCfg = Debug|Any CPU
		{52060645-B99A-13E6-C01E-ACD480642AC9}.Debug|Any CPU.Build.0 = Debug|Any CPU
		{52060645-B99A-13E6-C01E-ACD480642AC9}.Release|Any CPU.ActiveCfg = Release|Any CPU
		{52060645-B99A-13E6-C01E-ACD480642AC9}.Release|Any CPU.Build.0 = Release|Any CPU
		{BA714DD9-E201-61F7-4DEA-51E77BE9DC48}.Debug|Any CPU.ActiveCfg = Debug|Any CPU
		{BA714DD9-E201-61F7-4DEA-51E77BE9DC48}.Debug|Any CPU.Build.0 = Debug|Any CPU
		{BA714DD9-E201-61F7-4DEA-51E77BE9DC48}.Release|Any CPU.ActiveCfg = Release|Any CPU
		{BA714DD9-E201-61F7-4DEA-51E77BE9DC48}.Release|Any CPU.Build.0 = Release|Any CPU
	EndGlobalSection
	GlobalSection(SolutionProperties) = preSolution
		HideSolutionNode = FALSE
	EndGlobalSection
EndGlobal
